PODS:
  - cloudpayments (0.0.1):
    - Flutter
  - Flutter (1.0.0)

DEPENDENCIES:
  - cloudpayments (from `.symlinks/plugins/cloudpayments/ios`)
  - Flutter (from `Flutter`)

EXTERNAL SOURCES:
  cloudpayments:
    :path: ".symlinks/plugins/cloudpayments/ios"
  Flutter:
    :path: Flutter

SPEC CHECKSUMS:
  cloudpayments: 26acbe36b5e153d23ed1b9093da941a2638a6396
  Flutter: 0e3d915762c693b495b44d77113d4970485de6ec

PODFILE CHECKSUM: aafe91acc616949ddb318b77800a7f51bffa2a4c

COCOAPODS: 1.10.1
